// !$*UTF8*$!
{
	archiveVersion = 1;
	classes = {
	};
	objectVersion = 46;
	objects = {

/* Begin PBXBuildFile section */
		8847D49718838A190081EAAC /* Foundation.framework in Frameworks */ = {isa = PBXBuildFile; fileRef = 8847D49618838A190081EAAC /* Foundation.framework */; };
		8847D49918838A190081EAAC /* CoreGraphics.framework in Frameworks */ = {isa = PBXBuildFile; fileRef = 8847D49818838A190081EAAC /* CoreGraphics.framework */; };
		8847D49B18838A190081EAAC /* UIKit.framework in Frameworks */ = {isa = PBXBuildFile; fileRef = 8847D49A18838A190081EAAC /* UIKit.framework */; };
		8847D4A118838A190081EAAC /* InfoPlist.strings in Resources */ = {isa = PBXBuildFile; fileRef = 8847D49F18838A190081EAAC /* InfoPlist.strings */; };
		8847D4A318838A190081EAAC /* main.m in Sources */ = {isa = PBXBuildFile; fileRef = 8847D4A218838A190081EAAC /* main.m */; };
		8847D4A718838A190081EAAC /* XYZAppDelegate.m in Sources */ = {isa = PBXBuildFile; fileRef = 8847D4A618838A190081EAAC /* XYZAppDelegate.m */; };
		8847D4AA18838A190081EAAC /* Main.storyboard in Resources */ = {isa = PBXBuildFile; fileRef = 8847D4A818838A190081EAAC /* Main.storyboard */; };
		8847D4AD18838A190081EAAC /* XYZViewController.m in Sources */ = {isa = PBXBuildFile; fileRef = 8847D4AC18838A190081EAAC /* XYZViewController.m */; };
		8847D4AF18838A190081EAAC /* Images.xcassets in Resources */ = {isa = PBXBuildFile; fileRef = 8847D4AE18838A190081EAAC /* Images.xcassets */; };
		8847D4B618838A190081EAAC /* XCTest.framework in Frameworks */ = {isa = PBXBuildFile; fileRef = 8847D4B518838A190081EAAC /* XCTest.framework */; };
		8847D4B718838A190081EAAC /* Foundation.framework in Frameworks */ = {isa = PBXBuildFile; fileRef = 8847D49618838A190081EAAC /* Foundation.framework */; };
		8847D4B818838A190081EAAC /* UIKit.framework in Frameworks */ = {isa = PBXBuildFile; fileRef = 8847D49A18838A190081EAAC /* UIKit.framework */; };
		8847D4C018838A190081EAAC /* InfoPlist.strings in Resources */ = {isa = PBXBuildFile; fileRef = 8847D4BE18838A190081EAAC /* InfoPlist.strings */; };
		8847D4C218838A190081EAAC /* ChatClientTests.m in Sources */ = {isa = PBXBuildFile; fileRef = 8847D4C118838A190081EAAC /* ChatClientTests.m */; };
/* End PBXBuildFile section */

/* Begin PBXContainerItemProxy section */
		8847D4B918838A190081EAAC /* PBXContainerItemProxy */ = {
			isa = PBXContainerItemProxy;
			containerPortal = 8847D48B18838A190081EAAC /* Project object */;
			proxyType = 1;
			remoteGlobalIDString = 8847D49218838A190081EAAC;
			remoteInfo = ChatClient;
		};
/* End PBXContainerItemProxy section */

/* Begin PBXFileReference section */
		8847D49318838A190081EAAC /* ChatClient.app */ = {isa = PBXFileReference; explicitFileType = wrapper.application; includeInIndex = 0; path = ChatClient.app; sourceTree = BUILT_PRODUCTS_DIR; };
		8847D49618838A190081EAAC /* Foundation.framework */ = {isa = PBXFileReference; lastKnownFileType = wrapper.framework; name = Foundation.framework; path = System/Library/Frameworks/Foundation.framework; sourceTree = SDKROOT; };
		8847D49818838A190081EAAC /* CoreGraphics.framework */ = {isa = PBXFileReference; lastKnownFileType = wrapper.framework; name = CoreGraphics.framework; path = System/Library/Frameworks/CoreGraphics.framework; sourceTree = SDKROOT; };
		8847D49A18838A190081EAAC /* UIKit.framework */ = {isa = PBXFileReference; lastKnownFileType = wrapper.framework; name = UIKit.framework; path = System/Library/Frameworks/UIKit.framework; sourceTree = SDKROOT; };
		8847D49E18838A190081EAAC /* ChatClient-Info.plist */ = {isa = PBXFileReference; lastKnownFileType = text.plist.xml; path = "ChatClient-Info.plist"; sourceTree = "<group>"; };
		8847D4A018838A190081EAAC /* en */ = {isa = PBXFileReference; lastKnownFileType = text.plist.strings; name = en; path = en.lproj/InfoPlist.strings; sourceTree = "<group>"; };
		8847D4A218838A190081EAAC /* main.m */ = {isa = PBXFileReference; lastKnownFileType = sourcecode.c.objc; path = main.m; sourceTree = "<group>"; };
		8847D4A418838A190081EAAC /* ChatClient-Prefix.pch */ = {isa = PBXFileReference; lastKnownFileType = sourcecode.c.h; path = "ChatClient-Prefix.pch"; sourceTree = "<group>"; };
		8847D4A518838A190081EAAC /* XYZAppDelegate.h */ = {isa = PBXFileReference; lastKnownFileType = sourcecode.c.h; path = XYZAppDelegate.h; sourceTree = "<group>"; };
		8847D4A618838A190081EAAC /* XYZAppDelegate.m */ = {isa = PBXFileReference; lastKnownFileType = sourcecode.c.objc; path = XYZAppDelegate.m; sourceTree = "<group>"; };
		8847D4A918838A190081EAAC /* Base */ = {isa = PBXFileReference; lastKnownFileType = file.storyboard; name = Base; path = Base.lproj/Main.storyboard; sourceTree = "<group>"; };
		8847D4AB18838A190081EAAC /* XYZViewController.h */ = {isa = PBXFileReference; lastKnownFileType = sourcecode.c.h; path = XYZViewController.h; sourceTree = "<group>"; };
		8847D4AC18838A190081EAAC /* XYZViewController.m */ = {isa = PBXFileReference; lastKnownFileType = sourcecode.c.objc; path = XYZViewController.m; sourceTree = "<group>"; };
		8847D4AE18838A190081EAAC /* Images.xcassets */ = {isa = PBXFileReference; lastKnownFileType = folder.assetcatalog; path = Images.xcassets; sourceTree = "<group>"; };
		8847D4B418838A190081EAAC /* ChatClientTests.xctest */ = {isa = PBXFileReference; explicitFileType = wrapper.cfbundle; includeInIndex = 0; path = ChatClientTests.xctest; sourceTree = BUILT_PRODUCTS_DIR; };
		8847D4B518838A190081EAAC /* XCTest.framework */ = {isa = PBXFileReference; lastKnownFileType = wrapper.framework; name = XCTest.framework; path = Library/Frameworks/XCTest.framework; sourceTree = DEVELOPER_DIR; };
		8847D4BD18838A190081EAAC /* ChatClientTests-Info.plist */ = {isa = PBXFileReference; lastKnownFileType = text.plist.xml; path = "ChatClientTests-Info.plist"; sourceTree = "<group>"; };
		8847D4BF18838A190081EAAC /* en */ = {isa = PBXFileReference; lastKnownFileType = text.plist.strings; name = en; path = en.lproj/InfoPlist.strings; sourceTree = "<group>"; };
		8847D4C118838A190081EAAC /* ChatClientTests.m */ = {isa = PBXFileReference; lastKnownFileType = sourcecode.c.objc; path = ChatClientTests.m; sourceTree = "<group>"; };
/* End PBXFileReference section */

/* Begin PBXFrameworksBuildPhase section */
		8847D49018838A190081EAAC /* Frameworks */ = {
			isa = PBXFrameworksBuildPhase;
			buildActionMask = 2147483647;
			files = (
				8847D49918838A190081EAAC /* CoreGraphics.framework in Frameworks */,
				8847D49B18838A190081EAAC /* UIKit.framework in Frameworks */,
				8847D49718838A190081EAAC /* Foundation.framework in Frameworks */,
			);
			runOnlyForDeploymentPostprocessing = 0;
		};
		8847D4B118838A190081EAAC /* Frameworks */ = {
			isa = PBXFrameworksBuildPhase;
			buildActionMask = 2147483647;
			files = (
				8847D4B618838A190081EAAC /* XCTest.framework in Frameworks */,
				8847D4B818838A190081EAAC /* UIKit.framework in Frameworks */,
				8847D4B718838A190081EAAC /* Foundation.framework in Frameworks */,
			);
			runOnlyForDeploymentPostprocessing = 0;
		};
/* End PBXFrameworksBuildPhase section */

/* Begin PBXGroup section */
		8847D48A18838A190081EAAC = {
			isa = PBXGroup;
			children = (
				8847D49C18838A190081EAAC /* ChatClient */,
				8847D4BB18838A190081EAAC /* ChatClientTests */,
				8847D49518838A190081EAAC /* Frameworks */,
				8847D49418838A190081EAAC /* Products */,
			);
			sourceTree = "<group>";
		};
		8847D49418838A190081EAAC /* Products */ = {
			isa = PBXGroup;
			children = (
				8847D49318838A190081EAAC /* ChatClient.app */,
				8847D4B418838A190081EAAC /* ChatClientTests.xctest */,
			);
			name = Products;
			sourceTree = "<group>";
		};
		8847D49518838A190081EAAC /* Frameworks */ = {
			isa = PBXGroup;
			children = (
				8847D49618838A190081EAAC /* Foundation.framework */,
				8847D49818838A190081EAAC /* CoreGraphics.framework */,
				8847D49A18838A190081EAAC /* UIKit.framework */,
				8847D4B518838A190081EAAC /* XCTest.framework */,
			);
			name = Frameworks;
			sourceTree = "<group>";
		};
		8847D49C18838A190081EAAC /* ChatClient */ = {
			isa = PBXGroup;
			children = (
				8847D4A518838A190081EAAC /* XYZAppDelegate.h */,
				8847D4A618838A190081EAAC /* XYZAppDelegate.m */,
				8847D4A818838A190081EAAC /* Main.storyboard */,
				8847D4AB18838A190081EAAC /* XYZViewController.h */,
				8847D4AC18838A190081EAAC /* XYZViewController.m */,
				8847D4AE18838A190081EAAC /* Images.xcassets */,
				8847D49D18838A190081EAAC /* Supporting Files */,
			);
			path = ChatClient;
			sourceTree = "<group>";
		};
		8847D49D18838A190081EAAC /* Supporting Files */ = {
			isa = PBXGroup;
			children = (
				8847D49E18838A190081EAAC /* ChatClient-Info.plist */,
				8847D49F18838A190081EAAC /* InfoPlist.strings */,
				8847D4A218838A190081EAAC /* main.m */,
				8847D4A418838A190081EAAC /* ChatClient-Prefix.pch */,
			);
			name = "Supporting Files";
			sourceTree = "<group>";
		};
		8847D4BB18838A190081EAAC /* ChatClientTests */ = {
			isa = PBXGroup;
			children = (
				8847D4C118838A190081EAAC /* ChatClientTests.m */,
				8847D4BC18838A190081EAAC /* Supporting Files */,
			);
			path = ChatClientTests;
			sourceTree = "<group>";
		};
		8847D4BC18838A190081EAAC /* Supporting Files */ = {
			isa = PBXGroup;
			children = (
				8847D4BD18838A190081EAAC /* ChatClientTests-Info.plist */,
				8847D4BE18838A190081EAAC /* InfoPlist.strings */,
			);
			name = "Supporting Files";
			sourceTree = "<group>";
		};
/* End PBXGroup section */

/* Begin PBXNativeTarget section */
		8847D49218838A190081EAAC /* ChatClient */ = {
			isa = PBXNativeTarget;
			buildConfigurationList = 8847D4C518838A190081EAAC /* Build configuration list for PBXNativeTarget "ChatClient" */;
			buildPhases = (
				8847D48F18838A190081EAAC /* Sources */,
				8847D49018838A190081EAAC /* Frameworks */,
				8847D49118838A190081EAAC /* Resources */,
			);
			buildRules = (
			);
			dependencies = (
			);
			name = ChatClient;
			productName = ChatClient;
			productReference = 8847D49318838A190081EAAC /* ChatClient.app */;
			productType = "com.apple.product-type.application";
		};
		8847D4B318838A190081EAAC /* ChatClientTests */ = {
			isa = PBXNativeTarget;
			buildConfigurationList = 8847D4C818838A190081EAAC /* Build configuration list for PBXNativeTarget "ChatClientTests" */;
			buildPhases = (
				8847D4B018838A190081EAAC /* Sources */,
				8847D4B118838A190081EAAC /* Frameworks */,
				8847D4B218838A190081EAAC /* Resources */,
			);
			buildRules = (
			);
			dependencies = (
				8847D4BA18838A190081EAAC /* PBXTargetDependency */,
			);
			name = ChatClientTests;
			productName = ChatClientTests;
			productReference = 8847D4B418838A190081EAAC /* ChatClientTests.xctest */;
			productType = "com.apple.product-type.bundle.unit-test";
		};
/* End PBXNativeTarget section */

/* Begin PBXProject section */
		8847D48B18838A190081EAAC /* Project object */ = {
			isa = PBXProject;
			attributes = {
				CLASSPREFIX = XYZ;
				LastUpgradeCheck = 0500;
				ORGANIZATIONNAME = "Joe Selvik";
				TargetAttributes = {
					8847D4B318838A190081EAAC = {
						TestTargetID = 8847D49218838A190081EAAC;
					};
				};
			};
			buildConfigurationList = 8847D48E18838A190081EAAC /* Build configuration list for PBXProject "ChatClient" */;
			compatibilityVersion = "Xcode 3.2";
			developmentRegion = English;
			hasScannedForEncodings = 0;
			knownRegions = (
				en,
				Base,
			);
			mainGroup = 8847D48A18838A190081EAAC;
			productRefGroup = 8847D49418838A190081EAAC /* Products */;
			projectDirPath = "";
			projectRoot = "";
			targets = (
				8847D49218838A190081EAAC /* ChatClient */,
				8847D4B318838A190081EAAC /* ChatClientTests */,
			);
		};
/* End PBXProject section */

/* Begin PBXResourcesBuildPhase section */
		8847D49118838A190081EAAC /* Resources */ = {
			isa = PBXResourcesBuildPhase;
			buildActionMask = 2147483647;
			files = (
				8847D4AF18838A190081EAAC /* Images.xcassets in Resources */,
				8847D4A118838A190081EAAC /* InfoPlist.strings in Resources */,
				8847D4AA18838A190081EAAC /* Main.storyboard in Resources */,
			);
			runOnlyForDeploymentPostprocessing = 0;
		};
		8847D4B218838A190081EAAC /* Resources */ = {
			isa = PBXResourcesBuildPhase;
			buildActionMask = 2147483647;
			files = (
				8847D4C018838A190081EAAC /* InfoPlist.strings in Resources */,
			);
			runOnlyForDeploymentPostprocessing = 0;
		};
/* End PBXResourcesBuildPhase section */

/* Begin PBXSourcesBuildPhase section */
		8847D48F18838A190081EAAC /* Sources */ = {
			isa = PBXSourcesBuildPhase;
			buildActionMask = 2147483647;
			files = (
				8847D4AD18838A190081EAAC /* XYZViewController.m in Sources */,
				8847D4A718838A190081EAAC /* XYZAppDelegate.m in Sources */,
				8847D4A318838A190081EAAC /* main.m in Sources */,
			);
			runOnlyForDeploymentPostprocessing = 0;
		};
		8847D4B018838A190081EAAC /* Sources */ = {
			isa = PBXSourcesBuildPhase;
			buildActionMask = 2147483647;
			files = (
				8847D4C218838A190081EAAC /* ChatClientTests.m in Sources */,
			);
			runOnlyForDeploymentPostprocessing = 0;
		};
/* End PBXSourcesBuildPhase section */

/* Begin PBXTargetDependency section */
		8847D4BA18838A190081EAAC /* PBXTargetDependency */ = {
			isa = PBXTargetDependency;
			target = 8847D49218838A190081EAAC /* ChatClient */;
			targetProxy = 8847D4B918838A190081EAAC /* PBXContainerItemProxy */;
		};
/* End PBXTargetDependency section */

/* Begin PBXVariantGroup section */
		8847D49F18838A190081EAAC /* InfoPlist.strings */ = {
			isa = PBXVariantGroup;
			children = (
				8847D4A018838A190081EAAC /* en */,
			);
			name = InfoPlist.strings;
			sourceTree = "<group>";
		};
		8847D4A818838A190081EAAC /* Main.storyboard */ = {
			isa = PBXVariantGroup;
			children = (
				8847D4A918838A190081EAAC /* Base */,
			);
			name = Main.storyboard;
			sourceTree = "<group>";
		};
		8847D4BE18838A190081EAAC /* InfoPlist.strings */ = {
			isa = PBXVariantGroup;
			children = (
				8847D4BF18838A190081EAAC /* en */,
			);
			name = InfoPlist.strings;
			sourceTree = "<group>";
		};
/* End PBXVariantGroup section */

/* Begin XCBuildConfiguration section */
		8847D4C318838A190081EAAC /* Debug */ = {
			isa = XCBuildConfiguration;
			buildSettings = {
				ALWAYS_SEARCH_USER_PATHS = NO;
				ARCHS = "$(ARCHS_STANDARD_INCLUDING_64_BIT)";
				CLANG_CXX_LANGUAGE_STANDARD = "gnu++0x";
				CLANG_CXX_LIBRARY = "libc++";
				CLANG_ENABLE_MODULES = YES;
				CLANG_ENABLE_OBJC_ARC = YES;
				CLANG_WARN_BOOL_CONVERSION = YES;
				CLANG_WARN_CONSTANT_CONVERSION = YES;
				CLANG_WARN_DIRECT_OBJC_ISA_USAGE = YES_ERROR;
				CLANG_WARN_EMPTY_BODY = YES;
				CLANG_WARN_ENUM_CONVERSION = YES;
				CLANG_WARN_INT_CONVERSION = YES;
				CLANG_WARN_OBJC_ROOT_CLASS = YES_ERROR;
				CLANG_WARN__DUPLICATE_METHOD_MATCH = YES;
				"CODE_SIGN_IDENTITY[sdk=iphoneos*]" = "iPhone Developer";
				COPY_PHASE_STRIP = NO;
				GCC_C_LANGUAGE_STANDARD = gnu99;
				GCC_DYNAMIC_NO_PIC = NO;
				GCC_OPTIMIZATION_LEVEL = 0;
				GCC_PREPROCESSOR_DEFINITIONS = (
					"DEBUG=1",
					"$(inherited)",
				);
				GCC_SYMBOLS_PRIVATE_EXTERN = NO;
				GCC_WARN_64_TO_32_BIT_CONVERSION = YES;
				GCC_WARN_ABOUT_RETURN_TYPE = YES_ERROR;
				GCC_WARN_UNDECLARED_SELECTOR = YES;
				GCC_WARN_UNINITIALIZED_AUTOS = YES;
				GCC_WARN_UNUSED_FUNCTION = YES;
				GCC_WARN_UNUSED_VARIABLE = YES;
				IPHONEOS_DEPLOYMENT_TARGET = 7.0;
				ONLY_ACTIVE_ARCH = YES;
				SDKROOT = iphoneos;
			};
			name = Debug;
		};
		8847D4C418838A190081EAAC /* Release */ = {
			isa = XCBuildConfiguration;
			buildSettings = {
				ALWAYS_SEARCH_USER_PATHS = NO;
				ARCHS = "$(ARCHS_STANDARD_INCLUDING_64_BIT)";
				CLANG_CXX_LANGUAGE_STANDARD = "gnu++0x";
				CLANG_CXX_LIBRARY = "libc++";
				CLANG_ENABLE_MODULES = YES;
				CLANG_ENABLE_OBJC_ARC = YES;
				CLANG_WARN_BOOL_CONVERSION = YES;
				CLANG_WARN_CONSTANT_CONVERSION = YES;
				CLANG_WARN_DIRECT_OBJC_ISA_USAGE = YES_ERROR;
				CLANG_WARN_EMPTY_BODY = YES;
				CLANG_WARN_ENUM_CONVERSION = YES;
				CLANG_WARN_INT_CONVERSION = YES;
				CLANG_WARN_OBJC_ROOT_CLASS = YES_ERROR;
				CLANG_WARN__DUPLICATE_METHOD_MATCH = YES;
				"CODE_SIGN_IDENTITY[sdk=iphoneos*]" = "iPhone Developer";
				COPY_PHASE_STRIP = YES;
				ENABLE_NS_ASSERTIONS = NO;
				GCC_C_LANGUAGE_STANDARD = gnu99;
				GCC_WARN_64_TO_32_BIT_CONVERSION = YES;
				GCC_WARN_ABOUT_RETURN_TYPE = YES_ERROR;
				GCC_WARN_UNDECLARED_SELECTOR = YES;
				GCC_WARN_UNINITIALIZED_AUTOS = YES;
				GCC_WARN_UNUSED_FUNCTION = YES;
				GCC_WARN_UNUSED_VARIABLE = YES;
				IPHONEOS_DEPLOYMENT_TARGET = 7.0;
				SDKROOT = iphoneos;
				VALIDATE_PRODUCT = YES;
			};
			name = Release;
		};
		8847D4C618838A190081EAAC /* Debug */ = {
			isa = XCBuildConfiguration;
			buildSettings = {
				ASSETCATALOG_COMPILER_APPICON_NAME = AppIcon;
				ASSETCATALOG_COMPILER_LAUNCHIMAGE_NAME = LaunchImage;
				GCC_PRECOMPILE_PREFIX_HEADER = YES;
				GCC_PREFIX_HEADER = "ChatClient/ChatClient-Prefix.pch";
				INFOPLIST_FILE = "ChatClient/ChatClient-Info.plist";
				PRODUCT_NAME = "$(TARGET_NAME)";
				WRAPPER_EXTENSION = app;
			};
			name = Debug;
		};
		8847D4C718838A190081EAAC /* Release */ = {
			isa = XCBuildConfiguration;
			buildSettings = {
				ASSETCATALOG_COMPILER_APPICON_NAME = AppIcon;
				ASSETCATALOG_COMPILER_LAUNCHIMAGE_NAME = LaunchImage;
				GCC_PRECOMPILE_PREFIX_HEADER = YES;
				GCC_PREFIX_HEADER = "ChatClient/ChatClient-Prefix.pch";
				INFOPLIST_FILE = "ChatClient/ChatClient-Info.plist";
				PRODUCT_NAME = "$(TARGET_NAME)";
				WRAPPER_EXTENSION = app;
			};
			name = Release;
		};
		8847D4C918838A190081EAAC /* Debug */ = {
			isa = XCBuildConfiguration;
			buildSettings = {
				ARCHS = "$(ARCHS_STANDARD_INCLUDING_64_BIT)";
				BUNDLE_LOADER = "$(BUILT_PRODUCTS_DIR)/ChatClient.app/ChatClient";
				FRAMEWORK_SEARCH_PATHS = (
					"$(SDKROOT)/Developer/Library/Frameworks",
					"$(inherited)",
					"$(DEVELOPER_FRAMEWORKS_DIR)",
				);
				GCC_PRECOMPILE_PREFIX_HEADER = YES;
				GCC_PREFIX_HEADER = "ChatClient/ChatClient-Prefix.pch";
				GCC_PREPROCESSOR_DEFINITIONS = (
					"DEBUG=1",
					"$(inherited)",
				);
				INFOPLIST_FILE = "ChatClientTests/ChatClientTests-Info.plist";
				PRODUCT_NAME = "$(TARGET_NAME)";
				TEST_HOST = "$(BUNDLE_LOADER)";
				WRAPPER_EXTENSION = xctest;
			};
			name = Debug;
		};
		8847D4CA18838A190081EAAC /* Release */ = {
			isa = XCBuildConfiguration;
			buildSettings = {
				ARCHS = "$(ARCHS_STANDARD_INCLUDING_64_BIT)";
				BUNDLE_LOADER = "$(BUILT_PRODUCTS_DIR)/ChatClient.app/ChatClient";
				FRAMEWORK_SEARCH_PATHS = (
					"$(SDKROOT)/Developer/Library/Frameworks",
					"$(inherited)",
					"$(DEVELOPER_FRAMEWORKS_DIR)",
				);
				GCC_PRECOMPILE_PREFIX_HEADER = YES;
				GCC_PREFIX_HEADER = "ChatClient/ChatClient-Prefix.pch";
				INFOPLIST_FILE = "ChatClientTests/ChatClientTests-Info.plist";
				PRODUCT_NAME = "$(TARGET_NAME)";
				TEST_HOST = "$(BUNDLE_LOADER)";
				WRAPPER_EXTENSION = xctest;
			};
			name = Release;
		};
/* End XCBuildConfiguration section */

/* Begin XCConfigurationList section */
		8847D48E18838A190081EAAC /* Build configuration list for PBXProject "ChatClient" */ = {
			isa = XCConfigurationList;
			buildConfigurations = (
				8847D4C318838A190081EAAC /* Debug */,
				8847D4C418838A190081EAAC /* Release */,
			);
			defaultConfigurationIsVisible = 0;
			defaultConfigurationName = Release;
		};
		8847D4C518838A190081EAAC /* Build configuration list for PBXNativeTarget "ChatClient" */ = {
			isa = XCConfigurationList;
			buildConfigurations = (
				8847D4C618838A190081EAAC /* Debug */,
				8847D4C718838A190081EAAC /* Release */,
			);
			defaultConfigurationIsVisible = 0;
		};
		8847D4C818838A190081EAAC /* Build configuration list for PBXNativeTarget "ChatClientTests" */ = {
			isa = XCConfigurationList;
			buildConfigurations = (
				8847D4C918838A190081EAAC /* Debug */,
				8847D4CA18838A190081EAAC /* Release */,
			);
			defaultConfigurationIsVisible = 0;
		};
/* End XCConfigurationList section */
	};
	rootObject = 8847D48B18838A190081EAAC /* Project object */;
}
